{
  "requires": true,
  "lockfileVersion": 1,
  "dependencies": {
    "@vant/weapp": {
      "version": "1.0.4",
      "resolved": "https://registry.npm.taobao.org/@vant/weapp/download/@vant/weapp-1.0.4.tgz?cache=0&sync_timestamp=1579592159047&other_urls=https%3A%2F%2Fregistry.npm.taobao.org%2F%40vant%2Fweapp%2Fdownload%2F%40vant%2Fweapp-1.0.4.tgz",
      "integrity": "sha1-BWzW6Y+alQRnMqdjQWcev8oyt9E="
    },
    "vant-weapp": {
      "version": "0.5.27"
    }
  }
}
